
Microsoft Visual Studio Solution File, Format Version 12.00
# Visual Studio Version 16
VisualStudioVersion = 16.0.31911.196
MinimumVisualStudioVersion = 10.0.40219.1
Project("{9A19103F-16F7-4668-BE54-9A1E7A4F7556}") = "GCCars.Api", "GCCars.Api\GCCars.Api.csproj", "{8CBC4027-C939-480B-A742-DE1FA01D274A}"
EndProject
Project("{FAE04EC0-301F-11D3-BF4B-00C04F79EFBC}") = "GCCars.Domain", "GCCars.Domain\GCCars.Domain.csproj", "{64BC5398-BFB4-4E20-B305-AC432166DBDC}"
EndProject
Project("{FAE04EC0-301F-11D3-BF4B-00C04F79EFBC}") = "GCCars.Application", "GCCars.Application\GCCars.Application.csproj", "{41F62812-A1EA-4F56-883E-574944D34FCC}"
EndProject
Global
	GlobalSection(SolutionConfigurationPlatforms) = preSolution
		Debug|Any CPU = Debug|Any CPU
		Release|Any CPU = Release|Any CPU
	EndGlobalSection
	GlobalSection(ProjectConfigurationPlatforms) = postSolution
		{8CBC4027-C939-480B-A742-DE1FA01D274A}.Debug|Any CPU.ActiveCfg = Debug|Any CPU
		{8CBC4027-C939-480B-A742-DE1FA01D274A}.Debug|Any CPU.Build.0 = Debug|Any CPU
		{8CBC4027-C939-480B-A742-DE1FA01D274A}.Release|Any CPU.ActiveCfg = Release|Any CPU
		{8CBC4027-C939-480B-A742-DE1FA01D274A}.Release|Any CPU.Build.0 = Release|Any CPU
		{64BC5398-BFB4-4E20-B305-AC432166DBDC}.Debug|Any CPU.ActiveCfg = Debug|Any CPU
		{64BC5398-BFB4-4E20-B305-AC432166DBDC}.Debug|Any CPU.Build.0 = Debug|Any CPU
		{64BC5398-BFB4-4E20-B305-AC432166DBDC}.Release|Any CPU.ActiveCfg = Release|Any CPU
		{64BC5398-BFB4-4E20-B305-AC432166DBDC}.Release|Any CPU.Build.0 = Release|Any CPU
		{41F62812-A1EA-4F56-883E-574944D34FCC}.Debug|Any CPU.ActiveCfg = Debug|Any CPU
		{41F62812-A1EA-4F56-883E-574944D34FCC}.Debug|Any CPU.Build.0 = Debug|Any CPU
		{41F62812-A1EA-4F56-883E-574944D34FCC}.Release|Any CPU.ActiveCfg = Release|Any CPU
		{41F62812-A1EA-4F56-883E-574944D34FCC}.Release|Any CPU.Build.0 = Release|Any CPU
	EndGlobalSection
	GlobalSection(SolutionProperties) = preSolution
		HideSolutionNode = FALSE
	EndGlobalSection
	GlobalSection(ExtensibilityGlobals) = postSolution
		SolutionGuid = {197460F7-02C1-4406-AC7B-4B54DEF32D5E}
	EndGlobalSection
EndGlobal
